
Microsoft Visual Studio Solution File, Format Version 12.00
# Visual Studio 15
VisualStudioVersion = 15.0.27004.2005
MinimumVisualStudioVersion = 10.0.40219.1
Project("{FAE04EC0-301F-11D3-BF4B-00C04F79EFBC}") = "Aula 03 - Nullable Types", "Aula 03 - Nullable Types\Aula 03 - Nullable Types.csproj", "{E8C83E16-B250-46DA-AD88-49CB243213F2}"
EndProject
Project("{FAE04EC0-301F-11D3-BF4B-00C04F79EFBC}") = "Aula 04 - Variadas Tipadas Implicitamente - Var", "Aula 04 - Variadas Tipadas Implicitamente - Var\Aula 04 - Variadas Tipadas Implicitamente - Var.csproj", "{4E6D10E4-3164-43FF-8A21-037DC4A51F3A}"
EndProject
Project("{FAE04EC0-301F-11D3-BF4B-00C04F79EFBC}") = "Aula 05 - Estruturas de fluxo - IF", "Aula 05 - Estruturas de fluxo - IF\Aula 05 - Estruturas de fluxo - IF.csproj", "{4EEFA029-239D-4151-8324-37B51FA386EE}"
EndProject
Project("{FAE04EC0-301F-11D3-BF4B-00C04F79EFBC}") = "Aula 06 - Estruturas de repeticao", "Aula 06 - Estruturas de repeticao\Aula 06 - Estruturas de repeticao.csproj", "{12F30B6A-81D6-4CD3-A968-2A2F506116AB}"
EndProject
Project("{FAE04EC0-301F-11D3-BF4B-00C04F79EFBC}") = "Aula 07 - Switch Case", "Aula 07 - Switch Case\Aula 07 - Switch Case.csproj", "{5AF0EEEF-A85F-418C-A959-CDAB703B0EE2}"
EndProject
Global
	GlobalSection(SolutionConfigurationPlatforms) = preSolution
		Debug|Any CPU = Debug|Any CPU
		Release|Any CPU = Release|Any CPU
	EndGlobalSection
	GlobalSection(ProjectConfigurationPlatforms) = postSolution
		{E8C83E16-B250-46DA-AD88-49CB243213F2}.Debug|Any CPU.ActiveCfg = Debug|Any CPU
		{E8C83E16-B250-46DA-AD88-49CB243213F2}.Debug|Any CPU.Build.0 = Debug|Any CPU
		{E8C83E16-B250-46DA-AD88-49CB243213F2}.Release|Any CPU.ActiveCfg = Release|Any CPU
		{E8C83E16-B250-46DA-AD88-49CB243213F2}.Release|Any CPU.Build.0 = Release|Any CPU
		{4E6D10E4-3164-43FF-8A21-037DC4A51F3A}.Debug|Any CPU.ActiveCfg = Debug|Any CPU
		{4E6D10E4-3164-43FF-8A21-037DC4A51F3A}.Debug|Any CPU.Build.0 = Debug|Any CPU
		{4E6D10E4-3164-43FF-8A21-037DC4A51F3A}.Release|Any CPU.ActiveCfg = Release|Any CPU
		{4E6D10E4-3164-43FF-8A21-037DC4A51F3A}.Release|Any CPU.Build.0 = Release|Any CPU
		{4EEFA029-239D-4151-8324-37B51FA386EE}.Debug|Any CPU.ActiveCfg = Debug|Any CPU
		{4EEFA029-239D-4151-8324-37B51FA386EE}.Debug|Any CPU.Build.0 = Debug|Any CPU
		{4EEFA029-239D-4151-8324-37B51FA386EE}.Release|Any CPU.ActiveCfg = Release|Any CPU
		{4EEFA029-239D-4151-8324-37B51FA386EE}.Release|Any CPU.Build.0 = Release|Any CPU
		{12F30B6A-81D6-4CD3-A968-2A2F506116AB}.Debug|Any CPU.ActiveCfg = Debug|Any CPU
		{12F30B6A-81D6-4CD3-A968-2A2F506116AB}.Debug|Any CPU.Build.0 = Debug|Any CPU
		{12F30B6A-81D6-4CD3-A968-2A2F506116AB}.Release|Any CPU.ActiveCfg = Release|Any CPU
		{12F30B6A-81D6-4CD3-A968-2A2F506116AB}.Release|Any CPU.Build.0 = Release|Any CPU
		{5AF0EEEF-A85F-418C-A959-CDAB703B0EE2}.Debug|Any CPU.ActiveCfg = Debug|Any CPU
		{5AF0EEEF-A85F-418C-A959-CDAB703B0EE2}.Debug|Any CPU.Build.0 = Debug|Any CPU
		{5AF0EEEF-A85F-418C-A959-CDAB703B0EE2}.Release|Any CPU.ActiveCfg = Release|Any CPU
		{5AF0EEEF-A85F-418C-A959-CDAB703B0EE2}.Release|Any CPU.Build.0 = Release|Any CPU
	EndGlobalSection
	GlobalSection(SolutionProperties) = preSolution
		HideSolutionNode = FALSE
	EndGlobalSection
	GlobalSection(ExtensibilityGlobals) = postSolution
		SolutionGuid = {88911874-D90B-4E38-B101-B3237D1B4079}
	EndGlobalSection
EndGlobal
